
Microsoft Visual Studio Solution File, Format Version 12.00
# Visual Studio Version 17
VisualStudioVersion = 17.4.33205.214
MinimumVisualStudioVersion = 10.0.40219.1
Project("{FAE04EC0-301F-11D3-BF4B-00C04F79EFBC}") = "ProjetoFinalApi", "ProjetoFinalApi.csproj", "{54EA5DCA-ACF3-4043-BA5A-2D572EB60A9B}"
EndProject
Global
	GlobalSection(SolutionConfigurationPlatforms) = preSolution
		Debug|Any CPU = Debug|Any CPU
		Release|Any CPU = Release|Any CPU
	EndGlobalSection
	GlobalSection(ProjectConfigurationPlatforms) = postSolution
		{54EA5DCA-ACF3-4043-BA5A-2D572EB60A9B}.Debug|Any CPU.ActiveCfg = Debug|Any CPU
		{54EA5DCA-ACF3-4043-BA5A-2D572EB60A9B}.Debug|Any CPU.Build.0 = Debug|Any CPU
		{54EA5DCA-ACF3-4043-BA5A-2D572EB60A9B}.Release|Any CPU.ActiveCfg = Release|Any CPU
		{54EA5DCA-ACF3-4043-BA5A-2D572EB60A9B}.Release|Any CPU.Build.0 = Release|Any CPU
	EndGlobalSection
	GlobalSection(SolutionProperties) = preSolution
		HideSolutionNode = FALSE
	EndGlobalSection
	GlobalSection(ExtensibilityGlobals) = postSolution
		SolutionGuid = {E1F24440-A191-47EE-89AC-805AE2B65B37}
	EndGlobalSection
EndGlobal
